
Microsoft Visual Studio Solution File, Format Version 12.00
# Visual Studio Version 17
VisualStudioVersion = 17.9.34714.143
MinimumVisualStudioVersion = 10.0.40219.1
Project("{FAE04EC0-301F-11D3-BF4B-00C04F79EFBC}") = "ProductManagementAPI", "ProductManagementAPI\ProductManagementAPI.csproj", "{99CF5A39-0963-41B9-888C-FE3B37E102B7}"
EndProject
Global
	GlobalSection(SolutionConfigurationPlatforms) = preSolution
		Debug|Any CPU = Debug|Any CPU
		Release|Any CPU = Release|Any CPU
	EndGlobalSection
	GlobalSection(ProjectConfigurationPlatforms) = postSolution
		{99CF5A39-0963-41B9-888C-FE3B37E102B7}.Debug|Any CPU.ActiveCfg = Debug|Any CPU
		{99CF5A39-0963-41B9-888C-FE3B37E102B7}.Debug|Any CPU.Build.0 = Debug|Any CPU
		{99CF5A39-0963-41B9-888C-FE3B37E102B7}.Release|Any CPU.ActiveCfg = Release|Any CPU
		{99CF5A39-0963-41B9-888C-FE3B37E102B7}.Release|Any CPU.Build.0 = Release|Any CPU
	EndGlobalSection
	GlobalSection(SolutionProperties) = preSolution
		HideSolutionNode = FALSE
	EndGlobalSection
	GlobalSection(ExtensibilityGlobals) = postSolution
		SolutionGuid = {D58DE2CF-3378-4C2B-AA1E-650951999D03}
	EndGlobalSection
EndGlobal
